<?xml version="1.0" encoding="utf-8"?>
<Project ToolsVersion="4.0" xmlns="http://schemas.microsoft.com/developer/msbuild/2003">
  <ItemGroup>
    <Filter Include="PixelShader">
      <UniqueIdentifier>{fbc861b9-f5ab-4573-bac7-423385f29f8d}</UniqueIdentifier>
    </Filter>
    <Filter Include="VertexShader">
      <UniqueIdentifier>{f6905703-dc78-40f2-be4c-7688822bbbd9}</UniqueIdentifier>
    </Filter>
  </ItemGroup>
  <ItemGroup>
    <FxCompile Include="VS_Test.hlsl">
      <Filter>VertexShader</Filter>
    </FxCompile>
    <FxCompile Include="PS_Test.hlsl">
      <Filter>PixelShader</Filter>
    </FxCompile>
  </ItemGroup>
  <ItemGroup>
    <Text Include="쉐이더 규칙.txt" />
  </ItemGroup>
</Project>