<?xml version="1.0" encoding="utf-8"?>
<Project ToolsVersion="4.0" xmlns="http://schemas.microsoft.com/developer/msbuild/2003">
  <ItemGroup>
    <Filter Include="Source">
      <UniqueIdentifier>{73e9b5cb-bb82-4dad-bab1-8416ae6bc85b}</UniqueIdentifier>
    </Filter>
    <Filter Include="Source\Resource">
      <UniqueIdentifier>{48a10dfc-b775-4855-b564-c187a1293182}</UniqueIdentifier>
    </Filter>
    <Filter Include="Source\Window">
      <UniqueIdentifier>{1a18e85c-782c-4be7-92b2-0b2642b916e2}</UniqueIdentifier>
    </Filter>
    <Filter Include="Source\Window\MainWindow">
      <UniqueIdentifier>{897e79c8-7ae9-41b3-8d8f-83f13cdf684a}</UniqueIdentifier>
    </Filter>
    <Filter Include="Source\Window\GUIWindow">
      <UniqueIdentifier>{5a880440-c519-4db3-9979-a381874743a4}</UniqueIdentifier>
    </Filter>
    <Filter Include="Source\Window\GUIWindow\Base">
      <UniqueIdentifier>{1f935621-9d38-4912-94a4-32fbe4190c42}</UniqueIdentifier>
    </Filter>
    <Filter Include="Source\Window\GUIWindow\Derived">
      <UniqueIdentifier>{b45ecd4b-da69-40de-971c-8ce0d6914fe6}</UniqueIdentifier>
    </Filter>
    <Filter Include="Source\Base">
      <UniqueIdentifier>{a60c3bf2-a2fd-49be-bff6-6089897392a9}</UniqueIdentifier>
    </Filter>
    <Filter Include="Source\Base\DirectX">
      <UniqueIdentifier>{3a4bf178-b175-45c5-804d-940ca08ac46a}</UniqueIdentifier>
    </Filter>
    <Filter Include="Source\Base\Debug">
      <UniqueIdentifier>{8e2cb026-01f5-4181-a9d3-399039a33b59}</UniqueIdentifier>
    </Filter>
    <Filter Include="Source\Base\BaseHeader">
      <UniqueIdentifier>{0974cadb-be96-4125-bf93-54461d4b4675}</UniqueIdentifier>
    </Filter>
    <Filter Include="Source\Engine">
      <UniqueIdentifier>{592c650d-2f84-49a4-a087-84ea9a0ef828}</UniqueIdentifier>
    </Filter>
    <Filter Include="Source\Base\Library">
      <UniqueIdentifier>{e86cb84a-28e8-41cc-9234-a36517d6183d}</UniqueIdentifier>
    </Filter>
    <Filter Include="Source\Base\Library\IMGUI">
      <UniqueIdentifier>{d854daff-746f-4d3e-a4e8-784515a4eb30}</UniqueIdentifier>
    </Filter>
    <Filter Include="Source\Base\Library\Assimp">
      <UniqueIdentifier>{03052844-ede4-48e7-91eb-bc8351ff305d}</UniqueIdentifier>
    </Filter>
    <Filter Include="Source\Resource\Path">
      <UniqueIdentifier>{7253ac93-b0f3-4bee-ad08-6ce2bf72f177}</UniqueIdentifier>
    </Filter>
    <Filter Include="Source\Resource\Loader">
      <UniqueIdentifier>{0e02d0be-3ea3-4d37-860b-5090d196ec9a}</UniqueIdentifier>
    </Filter>
    <Filter Include="Source\Resource\File">
      <UniqueIdentifier>{9b4d1ea8-d0b0-4847-9740-2b868e431452}</UniqueIdentifier>
    </Filter>
    <Filter Include="Source\Base\Util">
      <UniqueIdentifier>{57a9e6cf-94cc-426e-ab44-c74a5fc55863}</UniqueIdentifier>
    </Filter>
    <Filter Include="Source\Resource\Resource">
      <UniqueIdentifier>{9336a1a2-3d0f-4e17-8543-cb96a358967b}</UniqueIdentifier>
    </Filter>
    <Filter Include="Source\Object">
      <UniqueIdentifier>{000f7708-d1be-4f1c-af65-7df6691250cf}</UniqueIdentifier>
    </Filter>
    <Filter Include="Source\Object\Component">
      <UniqueIdentifier>{c415cb81-3c28-40ca-8883-3e4cee89dbff}</UniqueIdentifier>
    </Filter>
    <Filter Include="Source\Object\Level">
      <UniqueIdentifier>{8021e679-6023-441e-aae4-f285009cdf80}</UniqueIdentifier>
    </Filter>
    <Filter Include="Source\Object\LevelManager">
      <UniqueIdentifier>{4e4023de-5844-4229-85b9-e5b2ba6c206a}</UniqueIdentifier>
    </Filter>
    <Filter Include="Source\Object\Actor">
      <UniqueIdentifier>{123bf1cd-2706-402e-8cab-048a518d1d0b}</UniqueIdentifier>
    </Filter>
    <Filter Include="Source\Object\Base">
      <UniqueIdentifier>{b1ed1be4-a1fe-429d-a13e-c13f5f366bba}</UniqueIdentifier>
    </Filter>
    <Filter Include="Source\Object\Component\Base">
      <UniqueIdentifier>{691086b5-ad02-4d6c-821d-166fbe11229f}</UniqueIdentifier>
    </Filter>
    <Filter Include="Source\Object\Component\Derived">
      <UniqueIdentifier>{4c14cafc-2a52-462c-9258-499a01369dfc}</UniqueIdentifier>
    </Filter>
    <Filter Include="Source\Render">
      <UniqueIdentifier>{6fc3d76f-a537-4153-ba74-8996dab15398}</UniqueIdentifier>
    </Filter>
  </ItemGroup>
  <ItemGroup>
    <ClInclude Include="EngineProject.h">
      <Filter>Source\Base\BaseHeader</Filter>
    </ClInclude>
    <ClInclude Include="framework.h">
      <Filter>Source\Base\BaseHeader</Filter>
    </ClInclude>
    <ClInclude Include="Resource.h">
      <Filter>Source\Base\BaseHeader</Filter>
    </ClInclude>
    <ClInclude Include="targetver.h">
      <Filter>Source\Base\BaseHeader</Filter>
    </ClInclude>
    <ClInclude Include="EngineWindow.h">
      <Filter>Source\Window\MainWindow</Filter>
    </ClInclude>
    <ClInclude Include="Engine.h">
      <Filter>Source\Engine</Filter>
    </ClInclude>
    <ClInclude Include="BaseHeader.h">
      <Filter>Source\Base\BaseHeader</Filter>
    </ClInclude>
    <ClInclude Include="..\Library\IMGUI\imgui.h">
      <Filter>Source\Base\Library\IMGUI</Filter>
    </ClInclude>
    <ClInclude Include="..\Library\IMGUI\imgui_impl_dx11.h">
      <Filter>Source\Base\Library\IMGUI</Filter>
    </ClInclude>
    <ClInclude Include="..\Library\IMGUI\imgui_internal.h">
      <Filter>Source\Base\Library\IMGUI</Filter>
    </ClInclude>
    <ClInclude Include="..\Library\IMGUI\imstb_rectpack.h">
      <Filter>Source\Base\Library\IMGUI</Filter>
    </ClInclude>
    <ClInclude Include="..\Library\IMGUI\imstb_textedit.h">
      <Filter>Source\Base\Library\IMGUI</Filter>
    </ClInclude>
    <ClInclude Include="..\Library\IMGUI\imstb_truetype.h">
      <Filter>Source\Base\Library\IMGUI</Filter>
    </ClInclude>
    <ClInclude Include="..\Library\IMGUI\imconfig.h">
      <Filter>Source\Base\Library\IMGUI</Filter>
    </ClInclude>
    <ClInclude Include="..\Library\IMGUI\imgui_impl_win32.h">
      <Filter>Source\Base\Library\IMGUI</Filter>
    </ClInclude>
    <ClInclude Include="EngineDirectX.h">
      <Filter>Source\Base\DirectX</Filter>
    </ClInclude>
    <ClInclude Include="EngineGUIWindow.h">
      <Filter>Source\Window\GUIWindow\Base</Filter>
    </ClInclude>
    <ClInclude Include="TestWindow.h">
      <Filter>Source\Window\GUIWindow\Derived</Filter>
    </ClInclude>
    <ClInclude Include="EngineDebug.h">
      <Filter>Source\Base\Debug</Filter>
    </ClInclude>
    <ClInclude Include="..\Library\Assimp\Base64.hpp">
      <Filter>Source\Base\Library\Assimp</Filter>
    </ClInclude>
    <ClInclude Include="..\Library\Assimp\BaseImporter.h">
      <Filter>Source\Base\Library\Assimp</Filter>
    </ClInclude>
    <ClInclude Include="..\Library\Assimp\Bitmap.h">
      <Filter>Source\Base\Library\Assimp</Filter>
    </ClInclude>
    <ClInclude Include="..\Library\Assimp\BlobIOSystem.h">
      <Filter>Source\Base\Library\Assimp</Filter>
    </ClInclude>
    <ClInclude Include="..\Library\Assimp\ByteSwapper.h">
      <Filter>Source\Base\Library\Assimp</Filter>
    </ClInclude>
    <ClInclude Include="..\Library\Assimp\camera.h">
      <Filter>Source\Base\Library\Assimp</Filter>
    </ClInclude>
    <ClInclude Include="..\Library\Assimp\cexport.h">
      <Filter>Source\Base\Library\Assimp</Filter>
    </ClInclude>
    <ClInclude Include="..\Library\Assimp\cfileio.h">
      <Filter>Source\Base\Library\Assimp</Filter>
    </ClInclude>
    <ClInclude Include="..\Library\Assimp\cimport.h">
      <Filter>Source\Base\Library\Assimp</Filter>
    </ClInclude>
    <ClInclude Include="..\Library\Assimp\ColladaMetaData.h">
      <Filter>Source\Base\Library\Assimp</Filter>
    </ClInclude>
    <ClInclude Include="..\Library\Assimp\color4.h">
      <Filter>Source\Base\Library\Assimp</Filter>
    </ClInclude>
    <ClInclude Include="..\Library\Assimp\commonMetaData.h">
      <Filter>Source\Base\Library\Assimp</Filter>
    </ClInclude>
    <ClInclude Include="..\Library\Assimp\CreateAnimMesh.h">
      <Filter>Source\Base\Library\Assimp</Filter>
    </ClInclude>
    <ClInclude Include="..\Library\Assimp\DefaultIOStream.h">
      <Filter>Source\Base\Library\Assimp</Filter>
    </ClInclude>
    <ClInclude Include="..\Library\Assimp\DefaultIOSystem.h">
      <Filter>Source\Base\Library\Assimp</Filter>
    </ClInclude>
    <ClInclude Include="..\Library\Assimp\DefaultLogger.hpp">
      <Filter>Source\Base\Library\Assimp</Filter>
    </ClInclude>
    <ClInclude Include="..\Library\Assimp\defs.h">
      <Filter>Source\Base\Library\Assimp</Filter>
    </ClInclude>
    <ClInclude Include="..\Library\Assimp\Exceptional.h">
      <Filter>Source\Base\Library\Assimp</Filter>
    </ClInclude>
    <ClInclude Include="..\Library\Assimp\Exporter.hpp">
      <Filter>Source\Base\Library\Assimp</Filter>
    </ClInclude>
    <ClInclude Include="..\Library\Assimp\fast_atof.h">
      <Filter>Source\Base\Library\Assimp</Filter>
    </ClInclude>
    <ClInclude Include="..\Library\Assimp\GenericProperty.h">
      <Filter>Source\Base\Library\Assimp</Filter>
    </ClInclude>
    <ClInclude Include="..\Library\Assimp\GltfMaterial.h">
      <Filter>Source\Base\Library\Assimp</Filter>
    </ClInclude>
    <ClInclude Include="..\Library\Assimp\Hash.h">
      <Filter>Source\Base\Library\Assimp</Filter>
    </ClInclude>
    <ClInclude Include="..\Library\Assimp\Importer.hpp">
      <Filter>Source\Base\Library\Assimp</Filter>
    </ClInclude>
    <ClInclude Include="..\Library\Assimp\importerdesc.h">
      <Filter>Source\Base\Library\Assimp</Filter>
    </ClInclude>
    <ClInclude Include="..\Library\Assimp\IOStream.hpp">
      <Filter>Source\Base\Library\Assimp</Filter>
    </ClInclude>
    <ClInclude Include="..\Library\Assimp\IOStreamBuffer.h">
      <Filter>Source\Base\Library\Assimp</Filter>
    </ClInclude>
    <ClInclude Include="..\Library\Assimp\IOSystem.hpp">
      <Filter>Source\Base\Library\Assimp</Filter>
    </ClInclude>
    <ClInclude Include="..\Library\Assimp\light.h">
      <Filter>Source\Base\Library\Assimp</Filter>
    </ClInclude>
    <ClInclude Include="..\Library\Assimp\LineSplitter.h">
      <Filter>Source\Base\Library\Assimp</Filter>
    </ClInclude>
    <ClInclude Include="..\Library\Assimp\LogAux.h">
      <Filter>Source\Base\Library\Assimp</Filter>
    </ClInclude>
    <ClInclude Include="..\Library\Assimp\Logger.hpp">
      <Filter>Source\Base\Library\Assimp</Filter>
    </ClInclude>
    <ClInclude Include="..\Library\Assimp\LogStream.hpp">
      <Filter>Source\Base\Library\Assimp</Filter>
    </ClInclude>
    <ClInclude Include="..\Library\Assimp\material.h">
      <Filter>Source\Base\Library\Assimp</Filter>
    </ClInclude>
    <ClInclude Include="..\Library\Assimp\MathFunctions.h">
      <Filter>Source\Base\Library\Assimp</Filter>
    </ClInclude>
    <ClInclude Include="..\Library\Assimp\matrix3x3.h">
      <Filter>Source\Base\Library\Assimp</Filter>
    </ClInclude>
    <ClInclude Include="..\Library\Assimp\matrix4x4.h">
      <Filter>Source\Base\Library\Assimp</Filter>
    </ClInclude>
    <ClInclude Include="..\Library\Assimp\MemoryIOWrapper.h">
      <Filter>Source\Base\Library\Assimp</Filter>
    </ClInclude>
    <ClInclude Include="..\Library\Assimp\mesh.h">
      <Filter>Source\Base\Library\Assimp</Filter>
    </ClInclude>
    <ClInclude Include="..\Library\Assimp\metadata.h">
      <Filter>Source\Base\Library\Assimp</Filter>
    </ClInclude>
    <ClInclude Include="..\Library\Assimp\NullLogger.hpp">
      <Filter>Source\Base\Library\Assimp</Filter>
    </ClInclude>
    <ClInclude Include="..\Library\Assimp\ObjMaterial.h">
      <Filter>Source\Base\Library\Assimp</Filter>
    </ClInclude>
    <ClInclude Include="..\Library\Assimp\ParsingUtils.h">
      <Filter>Source\Base\Library\Assimp</Filter>
    </ClInclude>
    <ClInclude Include="..\Library\Assimp\pbrmaterial.h">
      <Filter>Source\Base\Library\Assimp</Filter>
    </ClInclude>
    <ClInclude Include="..\Library\Assimp\postprocess.h">
      <Filter>Source\Base\Library\Assimp</Filter>
    </ClInclude>
    <ClInclude Include="..\Library\Assimp\Profiler.h">
      <Filter>Source\Base\Library\Assimp</Filter>
    </ClInclude>
    <ClInclude Include="..\Library\Assimp\ProgressHandler.hpp">
      <Filter>Source\Base\Library\Assimp</Filter>
    </ClInclude>
    <ClInclude Include="..\Library\Assimp\qnan.h">
      <Filter>Source\Base\Library\Assimp</Filter>
    </ClInclude>
    <ClInclude Include="..\Library\Assimp\quaternion.h">
      <Filter>Source\Base\Library\Assimp</Filter>
    </ClInclude>
    <ClInclude Include="..\Library\Assimp\RemoveComments.h">
      <Filter>Source\Base\Library\Assimp</Filter>
    </ClInclude>
    <ClInclude Include="..\Library\Assimp\scene.h">
      <Filter>Source\Base\Library\Assimp</Filter>
    </ClInclude>
    <ClInclude Include="..\Library\Assimp\SceneCombiner.h">
      <Filter>Source\Base\Library\Assimp</Filter>
    </ClInclude>
    <ClInclude Include="..\Library\Assimp\SGSpatialSort.h">
      <Filter>Source\Base\Library\Assimp</Filter>
    </ClInclude>
    <ClInclude Include="..\Library\Assimp\SkeletonMeshBuilder.h">
      <Filter>Source\Base\Library\Assimp</Filter>
    </ClInclude>
    <ClInclude Include="..\Library\Assimp\SmallVector.h">
      <Filter>Source\Base\Library\Assimp</Filter>
    </ClInclude>
    <ClInclude Include="..\Library\Assimp\SmoothingGroups.h">
      <Filter>Source\Base\Library\Assimp</Filter>
    </ClInclude>
    <ClInclude Include="..\Library\Assimp\SpatialSort.h">
      <Filter>Source\Base\Library\Assimp</Filter>
    </ClInclude>
    <ClInclude Include="..\Library\Assimp\StandardShapes.h">
      <Filter>Source\Base\Library\Assimp</Filter>
    </ClInclude>
    <ClInclude Include="..\Library\Assimp\StreamReader.h">
      <Filter>Source\Base\Library\Assimp</Filter>
    </ClInclude>
    <ClInclude Include="..\Library\Assimp\StreamWriter.h">
      <Filter>Source\Base\Library\Assimp</Filter>
    </ClInclude>
    <ClInclude Include="..\Library\Assimp\StringComparison.h">
      <Filter>Source\Base\Library\Assimp</Filter>
    </ClInclude>
    <ClInclude Include="..\Library\Assimp\StringUtils.h">
      <Filter>Source\Base\Library\Assimp</Filter>
    </ClInclude>
    <ClInclude Include="..\Library\Assimp\Subdivision.h">
      <Filter>Source\Base\Library\Assimp</Filter>
    </ClInclude>
    <ClInclude Include="..\Library\Assimp\texture.h">
      <Filter>Source\Base\Library\Assimp</Filter>
    </ClInclude>
    <ClInclude Include="..\Library\Assimp\TinyFormatter.h">
      <Filter>Source\Base\Library\Assimp</Filter>
    </ClInclude>
    <ClInclude Include="..\Library\Assimp\types.h">
      <Filter>Source\Base\Library\Assimp</Filter>
    </ClInclude>
    <ClInclude Include="..\Library\Assimp\vector2.h">
      <Filter>Source\Base\Library\Assimp</Filter>
    </ClInclude>
    <ClInclude Include="..\Library\Assimp\vector3.h">
      <Filter>Source\Base\Library\Assimp</Filter>
    </ClInclude>
    <ClInclude Include="..\Library\Assimp\version.h">
      <Filter>Source\Base\Library\Assimp</Filter>
    </ClInclude>
    <ClInclude Include="..\Library\Assimp\Vertex.h">
      <Filter>Source\Base\Library\Assimp</Filter>
    </ClInclude>
    <ClInclude Include="..\Library\Assimp\XmlParser.h">
      <Filter>Source\Base\Library\Assimp</Filter>
    </ClInclude>
    <ClInclude Include="..\Library\Assimp\XMLTools.h">
      <Filter>Source\Base\Library\Assimp</Filter>
    </ClInclude>
    <ClInclude Include="..\Library\Assimp\ZipArchiveIOSystem.h">
      <Filter>Source\Base\Library\Assimp</Filter>
    </ClInclude>
    <ClInclude Include="..\Library\Assimp\Compiler\poppack1.h">
      <Filter>Source\Base\Library\Assimp</Filter>
    </ClInclude>
    <ClInclude Include="..\Library\Assimp\Compiler\pstdint.h">
      <Filter>Source\Base\Library\Assimp</Filter>
    </ClInclude>
    <ClInclude Include="..\Library\Assimp\Compiler\pushpack1.h">
      <Filter>Source\Base\Library\Assimp</Filter>
    </ClInclude>
    <ClInclude Include="..\Library\Assimp\port\AndroidJNI\AndroidJNIIOSystem.h">
      <Filter>Source\Base\Library\Assimp</Filter>
    </ClInclude>
    <ClInclude Include="..\Library\Assimp\port\AndroidJNI\BundledAssetIOSystem.h">
      <Filter>Source\Base\Library\Assimp</Filter>
    </ClInclude>
    <ClInclude Include="..\Library\Assimp\aabb.h">
      <Filter>Source\Base\Library\Assimp</Filter>
    </ClInclude>
    <ClInclude Include="..\Library\Assimp\ai_assert.h">
      <Filter>Source\Base\Library\Assimp</Filter>
    </ClInclude>
    <ClInclude Include="..\Library\Assimp\anim.h">
      <Filter>Source\Base\Library\Assimp</Filter>
    </ClInclude>
    <ClInclude Include="..\Library\Assimp\AssertHandler.h">
      <Filter>Source\Base\Library\Assimp</Filter>
    </ClInclude>
    <ClInclude Include="EnginePath.h">
      <Filter>Source\Resource\Path</Filter>
    </ClInclude>
    <ClInclude Include="EngineLoader.h">
      <Filter>Source\Resource\Loader</Filter>
    </ClInclude>
    <ClInclude Include="EngineFile.h">
      <Filter>Source\Resource\File</Filter>
    </ClInclude>
    <ClInclude Include="EngineString.h">
      <Filter>Source\Base\Util</Filter>
    </ClInclude>
    <ClInclude Include="..\Library\Assimp\revision.h">
      <Filter>Source\Base\Library\Assimp</Filter>
    </ClInclude>
    <ClInclude Include="..\Library\Assimp\config.h">
      <Filter>Source\Base\Library\Assimp</Filter>
    </ClInclude>
    <ClInclude Include="ResourceHeader.h">
      <Filter>Source\Resource\Resource</Filter>
    </ClInclude>
    <ClInclude Include="EngineMath.h">
      <Filter>Source\Base\Util</Filter>
    </ClInclude>
    <ClInclude Include="DirectXHeader.h">
      <Filter>Source\Base\DirectX</Filter>
    </ClInclude>
    <ClInclude Include="EngineResourceManager.h">
      <Filter>Source\Resource\Resource</Filter>
    </ClInclude>
    <ClInclude Include="EngineLevelManager.h">
      <Filter>Source\Object\LevelManager</Filter>
    </ClInclude>
    <ClInclude Include="EngineLevel.h">
      <Filter>Source\Object\Level</Filter>
    </ClInclude>
    <ClInclude Include="EngineObjectBase.h">
      <Filter>Source\Object\Base</Filter>
    </ClInclude>
    <ClInclude Include="EngineActor.h">
      <Filter>Source\Object\Actor</Filter>
    </ClInclude>
    <ClInclude Include="EngineComponent.h">
      <Filter>Source\Object\Component\Base</Filter>
    </ClInclude>
    <ClInclude Include="SkeletalMeshComponent.h">
      <Filter>Source\Object\Component\Derived</Filter>
    </ClInclude>
    <ClInclude Include="EngineRenderUnit.h">
      <Filter>Source\Render</Filter>
    </ClInclude>
  </ItemGroup>
  <ItemGroup>
    <ClCompile Include="EngineWindow.cpp">
      <Filter>Source\Window\MainWindow</Filter>
    </ClCompile>
    <ClCompile Include="Engine.cpp">
      <Filter>Source\Engine</Filter>
    </ClCompile>
    <ClCompile Include="..\Library\IMGUI\imgui_demo.cpp">
      <Filter>Source\Base\Library\IMGUI</Filter>
    </ClCompile>
    <ClCompile Include="..\Library\IMGUI\imgui_draw.cpp">
      <Filter>Source\Base\Library\IMGUI</Filter>
    </ClCompile>
    <ClCompile Include="..\Library\IMGUI\imgui_impl_dx11.cpp">
      <Filter>Source\Base\Library\IMGUI</Filter>
    </ClCompile>
    <ClCompile Include="..\Library\IMGUI\imgui_tables.cpp">
      <Filter>Source\Base\Library\IMGUI</Filter>
    </ClCompile>
    <ClCompile Include="..\Library\IMGUI\imgui_widgets.cpp">
      <Filter>Source\Base\Library\IMGUI</Filter>
    </ClCompile>
    <ClCompile Include="..\Library\IMGUI\imgui.cpp">
      <Filter>Source\Base\Library\IMGUI</Filter>
    </ClCompile>
    <ClCompile Include="..\Library\IMGUI\imgui_impl_win32.cpp">
      <Filter>Source\Base\Library\IMGUI</Filter>
    </ClCompile>
    <ClCompile Include="EngineDirectX.cpp">
      <Filter>Source\Base\DirectX</Filter>
    </ClCompile>
    <ClCompile Include="EngineGUIWindow.cpp">
      <Filter>Source\Window\GUIWindow\Base</Filter>
    </ClCompile>
    <ClCompile Include="TestWindow.cpp">
      <Filter>Source\Window\GUIWindow\Derived</Filter>
    </ClCompile>
    <ClCompile Include="EngineDebug.cpp">
      <Filter>Source\Base\Debug</Filter>
    </ClCompile>
    <ClCompile Include="EnginePath.cpp">
      <Filter>Source\Resource\Path</Filter>
    </ClCompile>
    <ClCompile Include="EngineLoader.cpp">
      <Filter>Source\Resource\Loader</Filter>
    </ClCompile>
    <ClCompile Include="EngineFile.cpp">
      <Filter>Source\Resource\File</Filter>
    </ClCompile>
    <ClCompile Include="EngineString.cpp">
      <Filter>Source\Base\Util</Filter>
    </ClCompile>
    <ClCompile Include="EngineMath.cpp">
      <Filter>Source\Base\Util</Filter>
    </ClCompile>
    <ClCompile Include="EngineResourceManager.cpp">
      <Filter>Source\Resource\Resource</Filter>
    </ClCompile>
    <ClCompile Include="EngineLevelManager.cpp">
      <Filter>Source\Object\LevelManager</Filter>
    </ClCompile>
    <ClCompile Include="EngineLevel.cpp">
      <Filter>Source\Object\Level</Filter>
    </ClCompile>
    <ClCompile Include="EngineObjectBase.cpp">
      <Filter>Source\Object\Base</Filter>
    </ClCompile>
    <ClCompile Include="EngineActor.cpp">
      <Filter>Source\Object\Actor</Filter>
    </ClCompile>
    <ClCompile Include="EngineComponent.cpp">
      <Filter>Source\Object\Component\Base</Filter>
    </ClCompile>
    <ClCompile Include="SkeletalMeshComponent.cpp">
      <Filter>Source\Object\Component\Derived</Filter>
    </ClCompile>
    <ClCompile Include="EngineRenderUnit.cpp">
      <Filter>Source\Render</Filter>
    </ClCompile>
  </ItemGroup>
  <ItemGroup>
    <Text Include="해야 할 일.txt" />
  </ItemGroup>
  <ItemGroup>
    <None Include="..\Library\Assimp\color4.inl">
      <Filter>Source\Base\Library\Assimp</Filter>
    </None>
    <None Include="..\Library\Assimp\config.h.in">
      <Filter>Source\Base\Library\Assimp</Filter>
    </None>
    <None Include="..\Library\Assimp\material.inl">
      <Filter>Source\Base\Library\Assimp</Filter>
    </None>
    <None Include="..\Library\Assimp\matrix3x3.inl">
      <Filter>Source\Base\Library\Assimp</Filter>
    </None>
    <None Include="..\Library\Assimp\matrix4x4.inl">
      <Filter>Source\Base\Library\Assimp</Filter>
    </None>
    <None Include="..\Library\Assimp\module.modulemap">
      <Filter>Source\Base\Library\Assimp</Filter>
    </None>
    <None Include="..\Library\Assimp\quaternion.inl">
      <Filter>Source\Base\Library\Assimp</Filter>
    </None>
    <None Include="..\Library\Assimp\revision.h.in">
      <Filter>Source\Base\Library\Assimp</Filter>
    </None>
    <None Include="..\Library\Assimp\SmoothingGroups.inl">
      <Filter>Source\Base\Library\Assimp</Filter>
    </None>
    <None Include="..\Library\Assimp\vector2.inl">
      <Filter>Source\Base\Library\Assimp</Filter>
    </None>
    <None Include="..\Library\Assimp\vector3.inl">
      <Filter>Source\Base\Library\Assimp</Filter>
    </None>
    <None Include="..\Library\Assimp\.editorconfig">
      <Filter>Source\Base\Library\Assimp</Filter>
    </None>
  </ItemGroup>
</Project>